
Microsoft Visual Studio Solution File, Format Version 12.00
# Visual Studio Version 16
VisualStudioVersion = 16.0.30309.148
MinimumVisualStudioVersion = 10.0.40219.1
Project("{FAE04EC0-301F-11D3-BF4B-00C04F79EFBC}") = "OrganiserMain", "WpfApp1\OrganiserMain.csproj", "{F3C0C18D-E3AE-47C3-9171-1DFE3CDD2C64}"
EndProject
Global
	GlobalSection(SolutionConfigurationPlatforms) = preSolution
		Debug|Any CPU = Debug|Any CPU
		Release|Any CPU = Release|Any CPU
	EndGlobalSection
	GlobalSection(ProjectConfigurationPlatforms) = postSolution
		{F3C0C18D-E3AE-47C3-9171-1DFE3CDD2C64}.Debug|Any CPU.ActiveCfg = Debug|Any CPU
		{F3C0C18D-E3AE-47C3-9171-1DFE3CDD2C64}.Debug|Any CPU.Build.0 = Debug|Any CPU
		{F3C0C18D-E3AE-47C3-9171-1DFE3CDD2C64}.Release|Any CPU.ActiveCfg = Release|Any CPU
		{F3C0C18D-E3AE-47C3-9171-1DFE3CDD2C64}.Release|Any CPU.Build.0 = Release|Any CPU
	EndGlobalSection
	GlobalSection(SolutionProperties) = preSolution
		HideSolutionNode = FALSE
	EndGlobalSection
	GlobalSection(ExtensibilityGlobals) = postSolution
		SolutionGuid = {1D5E9B06-0D18-4404-AC29-73318A8DCFCB}
	EndGlobalSection
EndGlobal
